# Code generated by scarb DO NOT EDIT.
version = 1

[[package]]
name = "orion_numbers"
version = "0.1.0"
source = "git+https://github.com/gizatechxyz/orion?rev=8329774#8329774dd051defd8a942b32d3b9bc9162f979fe"

[[package]]
name = "output_testing"
version = "0.1.0"
dependencies = [
 "orion_numbers",
]
